
Microsoft Visual Studio Solution File, Format Version 12.00
# Visual Studio Version 16
VisualStudioVersion = 16.0.30907.101
MinimumVisualStudioVersion = 10.0.40219.1
Project("{9A19103F-16F7-4668-BE54-9A1E7A4F7556}") = "FunChat.Client", "FunChat.Client\FunChat.Client.csproj", "{FFA37FAE-7DF6-48D8-9BED-9BDF1E87577D}"
EndProject
Project("{9A19103F-16F7-4668-BE54-9A1E7A4F7556}") = "FunChat.Silo", "FunChat.Silo\FunChat.Silo.csproj", "{CA7846E8-38A3-4600-894D-DAC209901572}"
EndProject
Project("{9A19103F-16F7-4668-BE54-9A1E7A4F7556}") = "FunChat.GrainIntefaces", "FunChat.GrainIntefaces\FunChat.GrainIntefaces.csproj", "{9CC3C3C9-486F-48B2-9624-4C4D66872E9A}"
EndProject
Project("{9A19103F-16F7-4668-BE54-9A1E7A4F7556}") = "FunChat.Grains", "FunChat.Grains\FunChat.Grains.csproj", "{7F36C20F-F848-43F6-92CC-4792A7DD5A5C}"
EndProject
Project("{FAE04EC0-301F-11D3-BF4B-00C04F79EFBC}") = "FunChat.UnitTest", "FunChat.UnitTest\FunChat.UnitTest.csproj", "{D855ACE9-92B2-49F5-A117-702F12480E4F}"
EndProject
Global
	GlobalSection(SolutionConfigurationPlatforms) = preSolution
		Debug|Any CPU = Debug|Any CPU
		Release|Any CPU = Release|Any CPU
	EndGlobalSection
	GlobalSection(ProjectConfigurationPlatforms) = postSolution
		{FFA37FAE-7DF6-48D8-9BED-9BDF1E87577D}.Debug|Any CPU.ActiveCfg = Debug|Any CPU
		{FFA37FAE-7DF6-48D8-9BED-9BDF1E87577D}.Debug|Any CPU.Build.0 = Debug|Any CPU
		{FFA37FAE-7DF6-48D8-9BED-9BDF1E87577D}.Release|Any CPU.ActiveCfg = Release|Any CPU
		{FFA37FAE-7DF6-48D8-9BED-9BDF1E87577D}.Release|Any CPU.Build.0 = Release|Any CPU
		{CA7846E8-38A3-4600-894D-DAC209901572}.Debug|Any CPU.ActiveCfg = Debug|Any CPU
		{CA7846E8-38A3-4600-894D-DAC209901572}.Debug|Any CPU.Build.0 = Debug|Any CPU
		{CA7846E8-38A3-4600-894D-DAC209901572}.Release|Any CPU.ActiveCfg = Release|Any CPU
		{CA7846E8-38A3-4600-894D-DAC209901572}.Release|Any CPU.Build.0 = Release|Any CPU
		{9CC3C3C9-486F-48B2-9624-4C4D66872E9A}.Debug|Any CPU.ActiveCfg = Debug|Any CPU
		{9CC3C3C9-486F-48B2-9624-4C4D66872E9A}.Debug|Any CPU.Build.0 = Debug|Any CPU
		{9CC3C3C9-486F-48B2-9624-4C4D66872E9A}.Release|Any CPU.ActiveCfg = Release|Any CPU
		{9CC3C3C9-486F-48B2-9624-4C4D66872E9A}.Release|Any CPU.Build.0 = Release|Any CPU
		{7F36C20F-F848-43F6-92CC-4792A7DD5A5C}.Debug|Any CPU.ActiveCfg = Debug|Any CPU
		{7F36C20F-F848-43F6-92CC-4792A7DD5A5C}.Debug|Any CPU.Build.0 = Debug|Any CPU
		{7F36C20F-F848-43F6-92CC-4792A7DD5A5C}.Release|Any CPU.ActiveCfg = Release|Any CPU
		{7F36C20F-F848-43F6-92CC-4792A7DD5A5C}.Release|Any CPU.Build.0 = Release|Any CPU
		{D855ACE9-92B2-49F5-A117-702F12480E4F}.Debug|Any CPU.ActiveCfg = Debug|Any CPU
		{D855ACE9-92B2-49F5-A117-702F12480E4F}.Debug|Any CPU.Build.0 = Debug|Any CPU
		{D855ACE9-92B2-49F5-A117-702F12480E4F}.Release|Any CPU.ActiveCfg = Release|Any CPU
		{D855ACE9-92B2-49F5-A117-702F12480E4F}.Release|Any CPU.Build.0 = Release|Any CPU
	EndGlobalSection
	GlobalSection(SolutionProperties) = preSolution
		HideSolutionNode = FALSE
	EndGlobalSection
	GlobalSection(ExtensibilityGlobals) = postSolution
		SolutionGuid = {1399142A-4919-4CD9-A848-C8F80DB0A9DC}
	EndGlobalSection
EndGlobal
